
Microsoft Visual Studio Solution File, Format Version 12.00
# Visual Studio Version 17
VisualStudioVersion = 17.5.001.0
MinimumVisualStudioVersion = 10.0.40219.1
Project("{9A19103F-16F7-4668-BE54-9A1E7A4F7556}") = "task1_MaxOf2", "task1_MaxOf2.csproj", "{D1577167-A31B-43AF-9384-B16BB57DAB97}"
EndProject
Global
	GlobalSection(SolutionConfigurationPlatforms) = preSolution
		Debug|Any CPU = Debug|Any CPU
		Release|Any CPU = Release|Any CPU
	EndGlobalSection
	GlobalSection(ProjectConfigurationPlatforms) = postSolution
		{D1577167-A31B-43AF-9384-B16BB57DAB97}.Debug|Any CPU.ActiveCfg = Debug|Any CPU
		{D1577167-A31B-43AF-9384-B16BB57DAB97}.Debug|Any CPU.Build.0 = Debug|Any CPU
		{D1577167-A31B-43AF-9384-B16BB57DAB97}.Release|Any CPU.ActiveCfg = Release|Any CPU
		{D1577167-A31B-43AF-9384-B16BB57DAB97}.Release|Any CPU.Build.0 = Release|Any CPU
	EndGlobalSection
	GlobalSection(SolutionProperties) = preSolution
		HideSolutionNode = FALSE
	EndGlobalSection
	GlobalSection(ExtensibilityGlobals) = postSolution
		SolutionGuid = {11114248-05F2-4C1C-86DB-F608DF6DB377}
	EndGlobalSection
EndGlobal
